
Microsoft Visual Studio Solution File, Format Version 12.00
# Visual Studio Version 17
VisualStudioVersion = 17.14.36705.20 d17.14
MinimumVisualStudioVersion = 10.0.40219.1
Project("{8BC9CEB8-8B4A-11D0-8D11-00A0C91BC942}") = "GPU_lab_4", "GPU_lab_4\GPU_lab_4.vcxproj", "{F85BD3CB-B0C2-BDA3-767C-BB2054F27B73}"
EndProject
Global
	GlobalSection(SolutionConfigurationPlatforms) = preSolution
		Debug|x64 = Debug|x64
		Release|x64 = Release|x64
	EndGlobalSection
	GlobalSection(ProjectConfigurationPlatforms) = postSolution
		{F85BD3CB-B0C2-BDA3-767C-BB2054F27B73}.Debug|x64.ActiveCfg = Debug|x64
		{F85BD3CB-B0C2-BDA3-767C-BB2054F27B73}.Debug|x64.Build.0 = Debug|x64
		{F85BD3CB-B0C2-BDA3-767C-BB2054F27B73}.Release|x64.ActiveCfg = Release|x64
		{F85BD3CB-B0C2-BDA3-767C-BB2054F27B73}.Release|x64.Build.0 = Release|x64
	EndGlobalSection
	GlobalSection(SolutionProperties) = preSolution
		HideSolutionNode = FALSE
	EndGlobalSection
	GlobalSection(ExtensibilityGlobals) = postSolution
		SolutionGuid = {2045C66D-08EE-4D49-852C-F9E097284EF5}
	EndGlobalSection
EndGlobal
